
Microsoft Visual Studio Solution File, Format Version 12.00
# Visual Studio 15
VisualStudioVersion = 15.0.28307.1022
MinimumVisualStudioVersion = 10.0.40219.1
Project("{FAE04EC0-301F-11D3-BF4B-00C04F79EFBC}") = "Analyzer1", "Analyzer1\Analyzer1\Analyzer1.csproj", "{662B335F-FE6C-4F46-94E1-EFC80E8A75B4}"
EndProject
Project("{FAE04EC0-301F-11D3-BF4B-00C04F79EFBC}") = "Analyzer1.Test", "Analyzer1\Analyzer1.Test\Analyzer1.Test.csproj", "{7A613B85-3331-463A-9DE1-9C356D5B9EFC}"
EndProject
Project("{FAE04EC0-301F-11D3-BF4B-00C04F79EFBC}") = "Analyzer1.Vsix", "Analyzer1\Analyzer1.Vsix\Analyzer1.Vsix.csproj", "{265D29EE-F889-4EEE-8C2E-657949CA993D}"
EndProject
Global
	GlobalSection(SolutionConfigurationPlatforms) = preSolution
		Debug|Any CPU = Debug|Any CPU
		Release|Any CPU = Release|Any CPU
	EndGlobalSection
	GlobalSection(ProjectConfigurationPlatforms) = postSolution
		{662B335F-FE6C-4F46-94E1-EFC80E8A75B4}.Debug|Any CPU.ActiveCfg = Debug|Any CPU
		{662B335F-FE6C-4F46-94E1-EFC80E8A75B4}.Debug|Any CPU.Build.0 = Debug|Any CPU
		{662B335F-FE6C-4F46-94E1-EFC80E8A75B4}.Release|Any CPU.ActiveCfg = Release|Any CPU
		{662B335F-FE6C-4F46-94E1-EFC80E8A75B4}.Release|Any CPU.Build.0 = Release|Any CPU
		{7A613B85-3331-463A-9DE1-9C356D5B9EFC}.Debug|Any CPU.ActiveCfg = Debug|Any CPU
		{7A613B85-3331-463A-9DE1-9C356D5B9EFC}.Debug|Any CPU.Build.0 = Debug|Any CPU
		{7A613B85-3331-463A-9DE1-9C356D5B9EFC}.Release|Any CPU.ActiveCfg = Release|Any CPU
		{7A613B85-3331-463A-9DE1-9C356D5B9EFC}.Release|Any CPU.Build.0 = Release|Any CPU
		{265D29EE-F889-4EEE-8C2E-657949CA993D}.Debug|Any CPU.ActiveCfg = Debug|Any CPU
		{265D29EE-F889-4EEE-8C2E-657949CA993D}.Debug|Any CPU.Build.0 = Debug|Any CPU
		{265D29EE-F889-4EEE-8C2E-657949CA993D}.Release|Any CPU.ActiveCfg = Release|Any CPU
		{265D29EE-F889-4EEE-8C2E-657949CA993D}.Release|Any CPU.Build.0 = Release|Any CPU
	EndGlobalSection
	GlobalSection(SolutionProperties) = preSolution
		HideSolutionNode = FALSE
	EndGlobalSection
	GlobalSection(ExtensibilityGlobals) = postSolution
		SolutionGuid = {DBB1CEEC-FD65-4488-99CA-C195AAAD019F}
	EndGlobalSection
EndGlobal
